// !$*UTF8*$!
{
	archiveVersion = 1;
	classes = {
	};
	objectVersion = 56;
	objects = {

/* Begin PBXBuildFile section */
		EE2F55A129CCDB2800BFFE9A /* MenuBarApp.swift in Sources */ = {isa = PBXBuildFile; fileRef = EE2F55A029CCDB2800BFFE9A /* MenuBarApp.swift */; };
		EE2F55A329CCDB2800BFFE9A /* ContentView.swift in Sources */ = {isa = PBXBuildFile; fileRef = EE2F55A229CCDB2800BFFE9A /* ContentView.swift */; };
		EE2F55A529CCDB2900BFFE9A /* Assets.xcassets in Resources */ = {isa = PBXBuildFile; fileRef = EE2F55A429CCDB2900BFFE9A /* Assets.xcassets */; };
		EE2F55A829CCDB2900BFFE9A /* Preview Assets.xcassets in Resources */ = {isa = PBXBuildFile; fileRef = EE2F55A729CCDB2900BFFE9A /* Preview Assets.xcassets */; };
		EE59CF4E29D4C54C00FCABB8 /* SettingsView.swift in Sources */ = {isa = PBXBuildFile; fileRef = EE59CF4D29D4C54C00FCABB8 /* SettingsView.swift */; };
		EEED4D6629CCEC0D00A6B9D8 /* ChatWebView.swift in Sources */ = {isa = PBXBuildFile; fileRef = EEED4D6529CCEC0D00A6B9D8 /* ChatWebView.swift */; };
/* End PBXBuildFile section */

/* Begin PBXFileReference section */
		EE2F559D29CCDB2800BFFE9A /* MenuBarGPT.app */ = {isa = PBXFileReference; explicitFileType = wrapper.application; includeInIndex = 0; path = MenuBarGPT.app; sourceTree = BUILT_PRODUCTS_DIR; };
		EE2F55A029CCDB2800BFFE9A /* MenuBarApp.swift */ = {isa = PBXFileReference; lastKnownFileType = sourcecode.swift; path = MenuBarApp.swift; sourceTree = "<group>"; };
		EE2F55A229CCDB2800BFFE9A /* ContentView.swift */ = {isa = PBXFileReference; lastKnownFileType = sourcecode.swift; path = ContentView.swift; sourceTree = "<group>"; };
		EE2F55A429CCDB2900BFFE9A /* Assets.xcassets */ = {isa = PBXFileReference; lastKnownFileType = folder.assetcatalog; path = Assets.xcassets; sourceTree = "<group>"; };
		EE2F55A729CCDB2900BFFE9A /* Preview Assets.xcassets */ = {isa = PBXFileReference; lastKnownFileType = folder.assetcatalog; path = "Preview Assets.xcassets"; sourceTree = "<group>"; };
		EE2F55A929CCDB2900BFFE9A /* MenuBarGPT.entitlements */ = {isa = PBXFileReference; lastKnownFileType = text.plist.entitlements; path = MenuBarGPT.entitlements; sourceTree = "<group>"; };
		EE59CF4D29D4C54C00FCABB8 /* SettingsView.swift */ = {isa = PBXFileReference; lastKnownFileType = sourcecode.swift; path = SettingsView.swift; sourceTree = "<group>"; };
		EEED4D6529CCEC0D00A6B9D8 /* ChatWebView.swift */ = {isa = PBXFileReference; lastKnownFileType = sourcecode.swift; path = ChatWebView.swift; sourceTree = "<group>"; };
/* End PBXFileReference section */

/* Begin PBXFrameworksBuildPhase section */
		EE2F559A29CCDB2800BFFE9A /* Frameworks */ = {
			isa = PBXFrameworksBuildPhase;
			buildActionMask = 2147483647;
			files = (
			);
			runOnlyForDeploymentPostprocessing = 0;
		};
/* End PBXFrameworksBuildPhase section */

/* Begin PBXGroup section */
		EE2F559429CCDB2800BFFE9A = {
			isa = PBXGroup;
			children = (
				EE2F559F29CCDB2800BFFE9A /* MenuBarGPT */,
				EE2F559E29CCDB2800BFFE9A /* Products */,
			);
			sourceTree = "<group>";
		};
		EE2F559E29CCDB2800BFFE9A /* Products */ = {
			isa = PBXGroup;
			children = (
				EE2F559D29CCDB2800BFFE9A /* MenuBarGPT.app */,
			);
			name = Products;
			sourceTree = "<group>";
		};
		EE2F559F29CCDB2800BFFE9A /* MenuBarGPT */ = {
			isa = PBXGroup;
			children = (
				EE2F55A029CCDB2800BFFE9A /* MenuBarApp.swift */,
				EE2F55A229CCDB2800BFFE9A /* ContentView.swift */,
				EE59CF4D29D4C54C00FCABB8 /* SettingsView.swift */,
				EEED4D6529CCEC0D00A6B9D8 /* ChatWebView.swift */,
				EE2F55A429CCDB2900BFFE9A /* Assets.xcassets */,
				EE2F55A929CCDB2900BFFE9A /* MenuBarGPT.entitlements */,
				EE2F55A629CCDB2900BFFE9A /* Preview Content */,
			);
			path = MenuBarGPT;
			sourceTree = "<group>";
		};
		EE2F55A629CCDB2900BFFE9A /* Preview Content */ = {
			isa = PBXGroup;
			children = (
				EE2F55A729CCDB2900BFFE9A /* Preview Assets.xcassets */,
			);
			path = "Preview Content";
			sourceTree = "<group>";
		};
/* End PBXGroup section */

/* Begin PBXNativeTarget section */
		EE2F559C29CCDB2800BFFE9A /* MenuBarGPT */ = {
			isa = PBXNativeTarget;
			buildConfigurationList = EE2F55AC29CCDB2900BFFE9A /* Build configuration list for PBXNativeTarget "MenuBarGPT" */;
			buildPhases = (
				EE2F559929CCDB2800BFFE9A /* Sources */,
				EE2F559A29CCDB2800BFFE9A /* Frameworks */,
				EE2F559B29CCDB2800BFFE9A /* Resources */,
			);
			buildRules = (
			);
			dependencies = (
			);
			name = MenuBarGPT;
			productName = MenuBarGPT;
			productReference = EE2F559D29CCDB2800BFFE9A /* MenuBarGPT.app */;
			productType = "com.apple.product-type.application";
		};
/* End PBXNativeTarget section */

/* Begin PBXProject section */
		EE2F559529CCDB2800BFFE9A /* Project object */ = {
			isa = PBXProject;
			attributes = {
				BuildIndependentTargetsInParallel = 1;
				LastSwiftUpdateCheck = 1420;
				LastUpgradeCheck = 1420;
				TargetAttributes = {
					EE2F559C29CCDB2800BFFE9A = {
						CreatedOnToolsVersion = 14.2;
					};
				};
			};
			buildConfigurationList = EE2F559829CCDB2800BFFE9A /* Build configuration list for PBXProject "MenuBarGPT" */;
			compatibilityVersion = "Xcode 14.0";
			developmentRegion = en;
			hasScannedForEncodings = 0;
			knownRegions = (
				en,
				Base,
			);
			mainGroup = EE2F559429CCDB2800BFFE9A;
			productRefGroup = EE2F559E29CCDB2800BFFE9A /* Products */;
			projectDirPath = "";
			projectRoot = "";
			targets = (
				EE2F559C29CCDB2800BFFE9A /* MenuBarGPT */,
			);
		};
/* End PBXProject section */

/* Begin PBXResourcesBuildPhase section */
		EE2F559B29CCDB2800BFFE9A /* Resources */ = {
			isa = PBXResourcesBuildPhase;
			buildActionMask = 2147483647;
			files = (
				EE2F55A829CCDB2900BFFE9A /* Preview Assets.xcassets in Resources */,
				EE2F55A529CCDB2900BFFE9A /* Assets.xcassets in Resources */,
			);
			runOnlyForDeploymentPostprocessing = 0;
		};
/* End PBXResourcesBuildPhase section */

/* Begin PBXSourcesBuildPhase section */
		EE2F559929CCDB2800BFFE9A /* Sources */ = {
			isa = PBXSourcesBuildPhase;
			buildActionMask = 2147483647;
			files = (
				EE2F55A329CCDB2800BFFE9A /* ContentView.swift in Sources */,
				EE59CF4E29D4C54C00FCABB8 /* SettingsView.swift in Sources */,
				EEED4D6629CCEC0D00A6B9D8 /* ChatWebView.swift in Sources */,
				EE2F55A129CCDB2800BFFE9A /* MenuBarApp.swift in Sources */,
			);
			runOnlyForDeploymentPostprocessing = 0;
		};
/* End PBXSourcesBuildPhase section */

/* Begin XCBuildConfiguration section */
		EE2F55AA29CCDB2900BFFE9A /* Debug */ = {
			isa = XCBuildConfiguration;
			buildSettings = {
				ALWAYS_SEARCH_USER_PATHS = NO;
				CLANG_ANALYZER_NONNULL = YES;
				CLANG_ANALYZER_NUMBER_OBJECT_CONVERSION = YES_AGGRESSIVE;
				CLANG_CXX_LANGUAGE_STANDARD = "gnu++20";
				CLANG_ENABLE_MODULES = YES;
				CLANG_ENABLE_OBJC_ARC = YES;
				CLANG_ENABLE_OBJC_WEAK = YES;
				CLANG_WARN_BLOCK_CAPTURE_AUTORELEASING = YES;
				CLANG_WARN_BOOL_CONVERSION = YES;
				CLANG_WARN_COMMA = YES;
				CLANG_WARN_CONSTANT_CONVERSION = YES;
				CLANG_WARN_DEPRECATED_OBJC_IMPLEMENTATIONS = YES;
				CLANG_WARN_DIRECT_OBJC_ISA_USAGE = YES_ERROR;
				CLANG_WARN_DOCUMENTATION_COMMENTS = YES;
				CLANG_WARN_EMPTY_BODY = YES;
				CLANG_WARN_ENUM_CONVERSION = YES;
				CLANG_WARN_INFINITE_RECURSION = YES;
				CLANG_WARN_INT_CONVERSION = YES;
				CLANG_WARN_NON_LITERAL_NULL_CONVERSION = YES;
				CLANG_WARN_OBJC_IMPLICIT_RETAIN_SELF = YES;
				CLANG_WARN_OBJC_LITERAL_CONVERSION = YES;
				CLANG_WARN_OBJC_ROOT_CLASS = YES_ERROR;
				CLANG_WARN_QUOTED_INCLUDE_IN_FRAMEWORK_HEADER = YES;
				CLANG_WARN_RANGE_LOOP_ANALYSIS = YES;
				CLANG_WARN_STRICT_PROTOTYPES = YES;
				CLANG_WARN_SUSPICIOUS_MOVE = YES;
				CLANG_WARN_UNGUARDED_AVAILABILITY = YES_AGGRESSIVE;
				CLANG_WARN_UNREACHABLE_CODE = YES;
				CLANG_WARN__DUPLICATE_METHOD_MATCH = YES;
				COPY_PHASE_STRIP = NO;
				DEBUG_INFORMATION_FORMAT = dwarf;
				ENABLE_STRICT_OBJC_MSGSEND = YES;
				ENABLE_TESTABILITY = YES;
				GCC_C_LANGUAGE_STANDARD = gnu11;
				GCC_DYNAMIC_NO_PIC = NO;
				GCC_NO_COMMON_BLOCKS = YES;
				GCC_OPTIMIZATION_LEVEL = 0;
				GCC_PREPROCESSOR_DEFINITIONS = (
					"DEBUG=1",
					"$(inherited)",
				);
				GCC_WARN_64_TO_32_BIT_CONVERSION = YES;
				GCC_WARN_ABOUT_RETURN_TYPE = YES_ERROR;
				GCC_WARN_UNDECLARED_SELECTOR = YES;
				GCC_WARN_UNINITIALIZED_AUTOS = YES_AGGRESSIVE;
				GCC_WARN_UNUSED_FUNCTION = YES;
				GCC_WARN_UNUSED_VARIABLE = YES;
				MACOSX_DEPLOYMENT_TARGET = 13.1;
				MTL_ENABLE_DEBUG_INFO = INCLUDE_SOURCE;
				MTL_FAST_MATH = YES;
				ONLY_ACTIVE_ARCH = YES;
				SDKROOT = macosx;
				SWIFT_ACTIVE_COMPILATION_CONDITIONS = DEBUG;
				SWIFT_OPTIMIZATION_LEVEL = "-Onone";
			};
			name = Debug;
		};
		EE2F55AB29CCDB2900BFFE9A /* Release */ = {
			isa = XCBuildConfiguration;
			buildSettings = {
				ALWAYS_SEARCH_USER_PATHS = NO;
				CLANG_ANALYZER_NONNULL = YES;
				CLANG_ANALYZER_NUMBER_OBJECT_CONVERSION = YES_AGGRESSIVE;
				CLANG_CXX_LANGUAGE_STANDARD = "gnu++20";
				CLANG_ENABLE_MODULES = YES;
				CLANG_ENABLE_OBJC_ARC = YES;
				CLANG_ENABLE_OBJC_WEAK = YES;
				CLANG_WARN_BLOCK_CAPTURE_AUTORELEASING = YES;
				CLANG_WARN_BOOL_CONVERSION = YES;
				CLANG_WARN_COMMA = YES;
				CLANG_WARN_CONSTANT_CONVERSION = YES;
				CLANG_WARN_DEPRECATED_OBJC_IMPLEMENTATIONS = YES;
				CLANG_WARN_DIRECT_OBJC_ISA_USAGE = YES_ERROR;
				CLANG_WARN_DOCUMENTATION_COMMENTS = YES;
				CLANG_WARN_EMPTY_BODY = YES;
				CLANG_WARN_ENUM_CONVERSION = YES;
				CLANG_WARN_INFINITE_RECURSION = YES;
				CLANG_WARN_INT_CONVERSION = YES;
				CLANG_WARN_NON_LITERAL_NULL_CONVERSION = YES;
				CLANG_WARN_OBJC_IMPLICIT_RETAIN_SELF = YES;
				CLANG_WARN_OBJC_LITERAL_CONVERSION = YES;
				CLANG_WARN_OBJC_ROOT_CLASS = YES_ERROR;
				CLANG_WARN_QUOTED_INCLUDE_IN_FRAMEWORK_HEADER = YES;
				CLANG_WARN_RANGE_LOOP_ANALYSIS = YES;
				CLANG_WARN_STRICT_PROTOTYPES = YES;
				CLANG_WARN_SUSPICIOUS_MOVE = YES;
				CLANG_WARN_UNGUARDED_AVAILABILITY = YES_AGGRESSIVE;
				CLANG_WARN_UNREACHABLE_CODE = YES;
				CLANG_WARN__DUPLICATE_METHOD_MATCH = YES;
				COPY_PHASE_STRIP = NO;
				DEBUG_INFORMATION_FORMAT = "dwarf-with-dsym";
				ENABLE_NS_ASSERTIONS = NO;
				ENABLE_STRICT_OBJC_MSGSEND = YES;
				GCC_C_LANGUAGE_STANDARD = gnu11;
				GCC_NO_COMMON_BLOCKS = YES;
				GCC_WARN_64_TO_32_BIT_CONVERSION = YES;
				GCC_WARN_ABOUT_RETURN_TYPE = YES_ERROR;
				GCC_WARN_UNDECLARED_SELECTOR = YES;
				GCC_WARN_UNINITIALIZED_AUTOS = YES_AGGRESSIVE;
				GCC_WARN_UNUSED_FUNCTION = YES;
				GCC_WARN_UNUSED_VARIABLE = YES;
				MACOSX_DEPLOYMENT_TARGET = 13.1;
				MTL_ENABLE_DEBUG_INFO = NO;
				MTL_FAST_MATH = YES;
				SDKROOT = macosx;
				SWIFT_COMPILATION_MODE = wholemodule;
				SWIFT_OPTIMIZATION_LEVEL = "-O";
			};
			name = Release;
		};
		EE2F55AD29CCDB2900BFFE9A /* Debug */ = {
			isa = XCBuildConfiguration;
			buildSettings = {
				ASSETCATALOG_COMPILER_APPICON_NAME = AppIcon;
				ASSETCATALOG_COMPILER_GLOBAL_ACCENT_COLOR_NAME = AccentColor;
				CODE_SIGN_ENTITLEMENTS = MenuBarGPT/MenuBarGPT.entitlements;
				"CODE_SIGN_IDENTITY[sdk=macosx*]" = "Apple Development";
				CODE_SIGN_STYLE = Automatic;
				COMBINE_HIDPI_IMAGES = YES;
				CURRENT_PROJECT_VERSION = 1;
				DEVELOPMENT_ASSET_PATHS = "\"MenuBarGPT/Preview Content\"";
				DEVELOPMENT_TEAM = T8677WC8DG;
				ENABLE_HARDENED_RUNTIME = YES;
				ENABLE_PREVIEWS = YES;
				GENERATE_INFOPLIST_FILE = YES;
				INFOPLIST_KEY_CFBundleDisplayName = "Menu Bar GPT";
				INFOPLIST_KEY_LSApplicationCategoryType = "public.app-category.utilities";
				INFOPLIST_KEY_LSUIElement = YES;
				INFOPLIST_KEY_NSHumanReadableCopyright = "";
				LD_RUNPATH_SEARCH_PATHS = (
					"$(inherited)",
					"@executable_path/../Frameworks",
				);
				MACOSX_DEPLOYMENT_TARGET = 13.0;
				MARKETING_VERSION = 0.0.2;
				PRODUCT_BUNDLE_IDENTIFIER = com.kavoye.MenuBarGPT;
				PRODUCT_NAME = "$(TARGET_NAME)";
				SWIFT_EMIT_LOC_STRINGS = YES;
				SWIFT_VERSION = 5.0;
			};
			name = Debug;
		};
		EE2F55AE29CCDB2900BFFE9A /* Release */ = {
			isa = XCBuildConfiguration;
			buildSettings = {
				ASSETCATALOG_COMPILER_APPICON_NAME = AppIcon;
				ASSETCATALOG_COMPILER_GLOBAL_ACCENT_COLOR_NAME = AccentColor;
				CODE_SIGN_ENTITLEMENTS = MenuBarGPT/MenuBarGPT.entitlements;
				"CODE_SIGN_IDENTITY[sdk=macosx*]" = "Apple Development";
				CODE_SIGN_STYLE = Automatic;
				COMBINE_HIDPI_IMAGES = YES;
				CURRENT_PROJECT_VERSION = 1;
				DEVELOPMENT_ASSET_PATHS = "\"MenuBarGPT/Preview Content\"";
				DEVELOPMENT_TEAM = T8677WC8DG;
				ENABLE_HARDENED_RUNTIME = YES;
				ENABLE_PREVIEWS = YES;
				GENERATE_INFOPLIST_FILE = YES;
				INFOPLIST_KEY_CFBundleDisplayName = "Menu Bar GPT";
				INFOPLIST_KEY_LSApplicationCategoryType = "public.app-category.utilities";
				INFOPLIST_KEY_LSUIElement = YES;
				INFOPLIST_KEY_NSHumanReadableCopyright = "";
				LD_RUNPATH_SEARCH_PATHS = (
					"$(inherited)",
					"@executable_path/../Frameworks",
				);
				MACOSX_DEPLOYMENT_TARGET = 13.0;
				MARKETING_VERSION = 0.0.2;
				PRODUCT_BUNDLE_IDENTIFIER = com.kavoye.MenuBarGPT;
				PRODUCT_NAME = "$(TARGET_NAME)";
				SWIFT_EMIT_LOC_STRINGS = YES;
				SWIFT_VERSION = 5.0;
			};
			name = Release;
		};
/* End XCBuildConfiguration section */

/* Begin XCConfigurationList section */
		EE2F559829CCDB2800BFFE9A /* Build configuration list for PBXProject "MenuBarGPT" */ = {
			isa = XCConfigurationList;
			buildConfigurations = (
				EE2F55AA29CCDB2900BFFE9A /* Debug */,
				EE2F55AB29CCDB2900BFFE9A /* Release */,
			);
			defaultConfigurationIsVisible = 0;
			defaultConfigurationName = Release;
		};
		EE2F55AC29CCDB2900BFFE9A /* Build configuration list for PBXNativeTarget "MenuBarGPT" */ = {
			isa = XCConfigurationList;
			buildConfigurations = (
				EE2F55AD29CCDB2900BFFE9A /* Debug */,
				EE2F55AE29CCDB2900BFFE9A /* Release */,
			);
			defaultConfigurationIsVisible = 0;
			defaultConfigurationName = Release;
		};
/* End XCConfigurationList section */
	};
	rootObject = EE2F559529CCDB2800BFFE9A /* Project object */;
}
